
Microsoft Visual Studio Solution File, Format Version 12.00
# Visual Studio Version 16
VisualStudioVersion = 16.0.30011.22
MinimumVisualStudioVersion = 10.0.40219.1
Project("{FAE04EC0-301F-11D3-BF4B-00C04F79EFBC}") = "DiscordCykaBotCoreConsole", "DiscordCykaBotCoreConsole\DiscordCykaBotCoreConsole.csproj", "{C3801F70-8374-4968-8DCC-05B2A2EB4164}"
EndProject
Global
	GlobalSection(SolutionConfigurationPlatforms) = preSolution
		Debug|Any CPU = Debug|Any CPU
		Release|Any CPU = Release|Any CPU
	EndGlobalSection
	GlobalSection(ProjectConfigurationPlatforms) = postSolution
		{C3801F70-8374-4968-8DCC-05B2A2EB4164}.Debug|Any CPU.ActiveCfg = Debug|Any CPU
		{C3801F70-8374-4968-8DCC-05B2A2EB4164}.Debug|Any CPU.Build.0 = Debug|Any CPU
		{C3801F70-8374-4968-8DCC-05B2A2EB4164}.Release|Any CPU.ActiveCfg = Release|Any CPU
		{C3801F70-8374-4968-8DCC-05B2A2EB4164}.Release|Any CPU.Build.0 = Release|Any CPU
	EndGlobalSection
	GlobalSection(SolutionProperties) = preSolution
		HideSolutionNode = FALSE
	EndGlobalSection
	GlobalSection(ExtensibilityGlobals) = postSolution
		SolutionGuid = {F52D3DB9-9010-446D-BE5A-2C4BC4B9FB37}
	EndGlobalSection
EndGlobal
